Microsoft Visual Studio Solution File, Format Version 12.00
# Visual Studio Version 17
VisualStudioVersion = 17.5.2.0
MinimumVisualStudioVersion = 10.0.40219.1
Project("{FAE04EC0-301F-11D3-BF4B-00C04F79EFBC}") = "MyAdminStationServer", "MyAdminStationServer.csproj", "{E0B3454D-CE2E-2CE0-E239-F8937ABB0057}"
EndProject
Global
	GlobalSection(SolutionConfigurationPlatforms) = preSolution
		Debug|Any CPU = Debug|Any CPU
		Release|Any CPU = Release|Any CPU
	EndGlobalSection
	GlobalSection(ProjectConfigurationPlatforms) = postSolution
		{E0B3454D-CE2E-2CE0-E239-F8937ABB0057}.Debug|Any CPU.ActiveCfg = Debug|Any CPU
		{E0B3454D-CE2E-2CE0-E239-F8937ABB0057}.Debug|Any CPU.Build.0 = Debug|Any CPU
		{E0B3454D-CE2E-2CE0-E239-F8937ABB0057}.Release|Any CPU.ActiveCfg = Release|Any CPU
		{E0B3454D-CE2E-2CE0-E239-F8937ABB0057}.Release|Any CPU.Build.0 = Release|Any CPU
	EndGlobalSection
	GlobalSection(SolutionProperties) = preSolution
		HideSolutionNode = FALSE
	EndGlobalSection
	GlobalSection(ExtensibilityGlobals) = postSolution
		SolutionGuid = {13F3FE8F-168C-424E-A504-A3326669016E}
	EndGlobalSection
EndGlobal
